
Microsoft Visual Studio Solution File, Format Version 12.00
# Visual Studio Version 16
VisualStudioVersion = 16.0.30128.74
MinimumVisualStudioVersion = 10.0.40219.1
Project("{FAE04EC0-301F-11D3-BF4B-00C04F79EFBC}") = "UDGB", "UDGB.csproj", "{84B12E10-41B3-479C-87A6-8CE5D8C82C2F}"
EndProject
Global
	GlobalSection(SolutionConfigurationPlatforms) = preSolution
		Debug|Any CPU = Debug|Any CPU
		Release|Any CPU = Release|Any CPU
	EndGlobalSection
	GlobalSection(ProjectConfigurationPlatforms) = postSolution
		{84B12E10-41B3-479C-87A6-8CE5D8C82C2F}.Debug|Any CPU.ActiveCfg = Debug|Any CPU
		{84B12E10-41B3-479C-87A6-8CE5D8C82C2F}.Debug|Any CPU.Build.0 = Debug|Any CPU
		{84B12E10-41B3-479C-87A6-8CE5D8C82C2F}.Release|Any CPU.ActiveCfg = Release|Any CPU
		{84B12E10-41B3-479C-87A6-8CE5D8C82C2F}.Release|Any CPU.Build.0 = Release|Any CPU
	EndGlobalSection
	GlobalSection(SolutionProperties) = preSolution
		HideSolutionNode = FALSE
	EndGlobalSection
	GlobalSection(ExtensibilityGlobals) = postSolution
		SolutionGuid = {9D9A2F99-9ECF-43F3-8D81-2ED2A90D19E5}
	EndGlobalSection
EndGlobal
